
Microsoft Visual Studio Solution File, Format Version 12.00
# Visual Studio 14
VisualStudioVersion = 14.0.25123.0
MinimumVisualStudioVersion = 10.0.40219.1
Project("{FAE04EC0-301F-11D3-BF4B-00C04F79EFBC}") = "Capp", "Capp\Capp.csproj", "{DB3BB25B-EB3C-4718-BB84-083029A216EA}"
EndProject
Global
	GlobalSection(SolutionConfigurationPlatforms) = preSolution
		Debug|Any CPU = Debug|Any CPU
		Release|Any CPU = Release|Any CPU
	EndGlobalSection
	GlobalSection(ProjectConfigurationPlatforms) = postSolution
		{DB3BB25B-EB3C-4718-BB84-083029A216EA}.Debug|Any CPU.ActiveCfg = Debug|Any CPU
		{DB3BB25B-EB3C-4718-BB84-083029A216EA}.Debug|Any CPU.Build.0 = Debug|Any CPU
		{DB3BB25B-EB3C-4718-BB84-083029A216EA}.Release|Any CPU.ActiveCfg = Release|Any CPU
		{DB3BB25B-EB3C-4718-BB84-083029A216EA}.Release|Any CPU.Build.0 = Release|Any CPU
	EndGlobalSection
	GlobalSection(SolutionProperties) = preSolution
		HideSolutionNode = FALSE
	EndGlobalSection
EndGlobal
